# THIS IS AN AUTOGENERATED FILE. DO NOT EDIT THIS FILE DIRECTLY.
# yarn lockfile v1


colors@^1.4.0:
  version "1.4.0"
  resolved "https://registry.yarnpkg.com/colors/-/colors-1.4.0.tgz#c50491479d4c1bdaed2c9ced32cf7c7dc2360f78"
  integrity sha512-a+UqTh4kgZg/SlGvfbzDHpgRu7AAQOmmqRHJnxhRZICKFUT91brVhNNt58CMWU9PsBbv3PDCZUHbVxuDiH2mtA==

moment@^2.29.1:
  version "2.29.1"
  resolved "https://registry.yarnpkg.com/moment/-/moment-2.29.1.tgz#b2be769fa31940be9eeea6469c075e35006fa3d3"
  integrity sha512-kHmoybcPV8Sqy59DwNDY3Jefr64lK/by/da0ViFcuA4DH0vQg5Q6Ze5VimxkfQNSC+Mls/Kx53s7TjP1RhFEDQ==

vuepress-plugin-auto-sidebar@^1.5.0:
  version "1.5.0"
  resolved "https://registry.yarnpkg.com/vuepress-plugin-auto-sidebar/-/vuepress-plugin-auto-sidebar-1.5.0.tgz#fc11b32f5e7976394bab01edd68cd602b1c0cefe"
  integrity sha512-PsF+XRWBZw+xbh/4IzTw6VbM4PoMhEMemHgK+c1Lmf7+9Fq3FK/iB4/P6Bp3VmlY+GenJ95MtwKK0BRjuK4RCQ==
  dependencies:
    colors "^1.4.0"
